# THIS IS AN AUTOGENERATED FILE. DO NOT EDIT THIS FILE DIRECTLY.
# yarn lockfile v1


jn-common-code-specification@^1.0.1:
  version "1.0.1"
  resolved "https://registry.yarnpkg.com/jn-common-code-specification/-/jn-common-code-specification-1.0.1.tgz#ad14aef7586b555a71d6006f045a97f398a4e1b4"
  integrity sha512-pqvaUH7Xngqmmov+Ytd6VSnQ4L2OaDHdNfr7swx2r9woJf0kmD1wufgc04Sh47g9s18dvMV83zweaMhyFgSsGA==

jn-common-code-specification@^1.0.2:
  version "1.0.2"
  resolved "https://registry.yarnpkg.com/jn-common-code-specification/-/jn-common-code-specification-1.0.2.tgz#13458d53e490fce67afd1ae450f3dc54d0d32568"
  integrity sha512-L8k93xvuKgi4KetkGePsF8ADORF+2CnYmufKdYRiwmnRXY6an334TK9tZ03yid/G9Z/JKFD98oc4HPRrSob53g==
  dependencies:
    jn-common-code-specification "^1.0.1"

jn-common-code-specification@^1.0.3:
  version "1.0.3"
  resolved "https://registry.yarnpkg.com/jn-common-code-specification/-/jn-common-code-specification-1.0.3.tgz#3e3721dd929abeceb034c47693b200193ef30ebe"
  integrity sha512-t5/GNvc/45ci5ENC6/DhnrKKON/Ru67SUbSjZrL/SkUBiosvokQKKJ+HyLmlOdGvqroA4xgJer5X7CJqt7KlpQ==
  dependencies:
    jn-common-code-specification "^1.0.2"
